{
  "object": {
    "pins": [
      {
        "package": "Anchorage",
        "repositoryURL": "https://github.com/Rightpoint/Anchorage",
        "state": {
          "branch": null,
          "revision": "18fed38e95db3200aecbd5b7101b981f91656084",
          "version": "4.4.0"
        }
      },
      {
        "package": "Lottie",
        "repositoryURL": "https://github.com/airbnb/lottie-ios",
        "state": {
          "branch": null,
          "revision": "4e5877425dae5c10792fc9d22d53dc6bf6824dc1",
          "version": "3.1.8"
        }
      },
      {
        "package": "NSObject-Rx",
        "repositoryURL": "https://github.com/RxSwiftCommunity/NSObject-Rx",
        "state": {
          "branch": null,
          "revision": "3dc30072b740ec35a3949ac8a8217f590a7c59b7",
          "version": "5.1.1"
        }
      },
      {
        "package": "Realm",
        "repositoryURL": "https://github.com/realm/realm-cocoa",
        "state": {
          "branch": null,
          "revision": "96d5d28f9fd35bd5b109da376bfdc3194cd2794a",
          "version": "5.4.8"
        }
      },
      {
        "package": "RealmCore",
        "repositoryURL": "https://github.com/realm/realm-core",
        "state": {
          "branch": null,
          "revision": "612057010f5521d41559970306054f4c5b12632a",
          "version": "6.1.4"
        }
      },
      {
        "package": "RxSwift",
        "repositoryURL": "https://github.com/ReactiveX/RxSwift",
        "state": {
          "branch": null,
          "revision": "002d325b0bdee94e7882e1114af5ff4fe1e96afa",
          "version": "5.1.1"
        }
      },
      {
        "package": "RxSwiftExt",
        "repositoryURL": "https://github.com/RxSwiftCommunity/RxSwiftExt",
        "state": {
          "branch": null,
          "revision": "9620cd55a58c1cf3370375140c45379c40049f55",
          "version": "5.2.0"
        }
      },
      {
        "package": "SkyFloatingLabelTextField",
        "repositoryURL": "https://github.com/Skyscanner/SkyFloatingLabelTextField",
        "state": {
          "branch": null,
          "revision": "82c0bbbc4e1368901b171292c220690273460f4b",
          "version": "3.8.0"
        }
      }
    ]
  },
  "version": 1
}
