PODS:
  - Anchorage (4.4.0)
  - lottie-ios (3.1.8)
  - "NSObject+Rx (5.1.0)":
    - RxSwift (~> 5.1)
  - Realm (5.3.6):
    - Realm/Headers (= 5.3.6)
  - Realm/Headers (5.3.6)
  - RealmSwift (5.3.6):
    - Realm (= 5.3.6)
  - RxCocoa (5.1.1):
    - RxRelay (~> 5)
    - RxSwift (~> 5)
  - RxRelay (5.1.1):
    - RxSwift (~> 5)
  - RxSwift (5.1.1)
  - RxSwiftExt (5.2.0):
    - RxSwiftExt/Core (= 5.2.0)
    - RxSwiftExt/RxCocoa (= 5.2.0)
  - RxSwiftExt/Core (5.2.0):
    - RxSwift (~> 5.0)
  - RxSwiftExt/RxCocoa (5.2.0):
    - RxCocoa (~> 5.0)
    - RxSwiftExt/Core
  - SkyFloatingLabelTextField (3.8.0)
  - SwiftLint (0.40.1)

DEPENDENCIES:
  - Anchorage
  - lottie-ios
  - "NSObject+Rx"
  - RealmSwift
  - RxCocoa
  - RxSwift
  - RxSwiftExt (~> 5)
  - SkyFloatingLabelTextField
  - SwiftLint

SPEC REPOS:
  trunk:
    - Anchorage
    - lottie-ios
    - "NSObject+Rx"
    - Realm
    - RealmSwift
    - RxCocoa
    - RxRelay
    - RxSwift
    - RxSwiftExt
    - SkyFloatingLabelTextField
    - SwiftLint

SPEC CHECKSUMS:
  Anchorage: d7f02c4f9425b537053237aab11ae97e59b55f36
  lottie-ios: 48fac6be217c76937e36e340e2d09cf7b10b7f5f
  "NSObject+Rx": fa6bbcc1ab1faa06b01466bc09b1e0692bbc5946
  Realm: cd400dd7e5b5bb5c8ae9842eecd73792369e6ec0
  RealmSwift: 99a16dbdee5d6dfb3d91d56088a9f8c15c0871d1
  RxCocoa: 32065309a38d29b5b0db858819b5bf9ef038b601
  RxRelay: d77f7d771495f43c556cbc43eebd1bb54d01e8e9
  RxSwift: 81470a2074fa8780320ea5fe4102807cb7118178
  RxSwiftExt: 4ca80336f43c28f11a2825cdd2fc61dd6c044697
  SkyFloatingLabelTextField: 5a338412114808e961fe2d14ea2c5452c8b6e4aa
  SwiftLint: bbfed21bf4451dcbd0f5cdbee44a18e06cf91b12

PODFILE CHECKSUM: b4767f2cda5fe06829cb6db90b186496190885cb

COCOAPODS: 1.9.3
